# This file is autogenerated, do not edit; changes may be undone by the next 'dep ensure'.


[[projects]]
  name = "github.com/jszwedko/go-circleci"
  packages = ["."]
  revision = "0150d5f69b6fec5b54c699c832e1d6962c739529"
  version = "v0.2.0"

[[projects]]
  name = "github.com/pkg/errors"
  packages = ["."]
  revision = "645ef00459ed84a119197bfb8d8205042c6df63d"
  version = "v0.8.0"

[solve-meta]
  analyzer-name = "dep"
  analyzer-version = 1
  inputs-digest = "7c880fd4a1ac89f74ec02dd64b4607213448f0a3bbf1880146bc507962d654f9"
  solver-name = "gps-cdcl"
  solver-version = 1
